Microsoft Visual Studio Solution File, Format Version 12.00
# Visual Studio Version 17
VisualStudioVersion = 17.5.2.0
MinimumVisualStudioVersion = 10.0.40219.1
Project("{FAE04EC0-301F-11D3-BF4B-00C04F79EFBC}") = "Ejercicio1_InvertirLista", "Ejercicio1_InvertirLista.csproj", "{26B2DE38-B829-F89F-97F2-645AC93B8B2D}"
EndProject
Global
	GlobalSection(SolutionConfigurationPlatforms) = preSolution
		Debug|Any CPU = Debug|Any CPU
		Release|Any CPU = Release|Any CPU
	EndGlobalSection
	GlobalSection(ProjectConfigurationPlatforms) = postSolution
		{26B2DE38-B829-F89F-97F2-645AC93B8B2D}.Debug|Any CPU.ActiveCfg = Debug|Any CPU
		{26B2DE38-B829-F89F-97F2-645AC93B8B2D}.Debug|Any CPU.Build.0 = Debug|Any CPU
		{26B2DE38-B829-F89F-97F2-645AC93B8B2D}.Release|Any CPU.ActiveCfg = Release|Any CPU
		{26B2DE38-B829-F89F-97F2-645AC93B8B2D}.Release|Any CPU.Build.0 = Release|Any CPU
	EndGlobalSection
	GlobalSection(SolutionProperties) = preSolution
		HideSolutionNode = FALSE
	EndGlobalSection
	GlobalSection(ExtensibilityGlobals) = postSolution
		SolutionGuid = {FCB69145-ADC7-4A36-869D-557835082FBC}
	EndGlobalSection
EndGlobal
