Microsoft Visual Studio Solution File, Format Version 12.00
# Visual Studio Version 17
VisualStudioVersion = 17.5.2.0
MinimumVisualStudioVersion = 10.0.40219.1
Project("{FAE04EC0-301F-11D3-BF4B-00C04F79EFBC}") = "Ejercicio_2_Torres_de_Hanoi", "Ejercicio_2_Torres_de_Hanoi.csproj", "{DA55FFBA-9834-1225-BA92-978181884E0F}"
EndProject
Global
	GlobalSection(SolutionConfigurationPlatforms) = preSolution
		Debug|Any CPU = Debug|Any CPU
		Release|Any CPU = Release|Any CPU
	EndGlobalSection
	GlobalSection(ProjectConfigurationPlatforms) = postSolution
		{DA55FFBA-9834-1225-BA92-978181884E0F}.Debug|Any CPU.ActiveCfg = Debug|Any CPU
		{DA55FFBA-9834-1225-BA92-978181884E0F}.Debug|Any CPU.Build.0 = Debug|Any CPU
		{DA55FFBA-9834-1225-BA92-978181884E0F}.Release|Any CPU.ActiveCfg = Release|Any CPU
		{DA55FFBA-9834-1225-BA92-978181884E0F}.Release|Any CPU.Build.0 = Release|Any CPU
	EndGlobalSection
	GlobalSection(SolutionProperties) = preSolution
		HideSolutionNode = FALSE
	EndGlobalSection
	GlobalSection(ExtensibilityGlobals) = postSolution
		SolutionGuid = {87FB9DCF-89FA-4A86-B986-EFE7BEC5C4EB}
	EndGlobalSection
EndGlobal
